{
  "version": 4,
  "terraform_version": "1.3.4",
  "serial": 31,
  "lineage": "6566d0c1-ae3c-e93a-19a0-b23dc7e3fc07",
  "outputs": {
    "lambda_bucket_name": {
      "value": "arn:aws:lambda:ap-southeast-1:443536660676:function:TodosWebAPI",
      "type": "string"
    }
  },
  "resources": [
    {
      "mode": "data",
      "type": "archive_file",
      "name": "lambda_archive",
      "provider": "provider[\"registry.terraform.io/hashicorp/archive\"]",
      "instances": [
        {
          "schema_version": 0,
          "attributes": {
            "excludes": null,
            "id": "cede77912315b5ab9bd7a28788b8456b625c4e4d",
            "output_base64sha256": "UUmuet4xYUlW7uW/7C/lkyEnBerKZ4dd40/AkFgXvRA=",
            "output_file_mode": null,
            "output_md5": "86d76690424310eadf32e35e3f2b1856",
            "output_path": "./../../../dist/apps/todos.zip",
            "output_sha": "cede77912315b5ab9bd7a28788b8456b625c4e4d",
            "output_size": 1544,
            "source": [],
            "source_content": null,
            "source_content_filename": null,
            "source_dir": "./../../../dist/apps/todos",
            "source_file": null,
            "type": "zip"
          },
          "sensitive_attributes": []
        }
      ]
    },
    {
      "mode": "managed",
      "type": "aws_iam_role",
      "name": "lambda_exec",
      "provider": "provider[\"registry.terraform.io/hashicorp/aws\"]",
      "instances": [
        {
          "schema_version": 0,
          "attributes": {
            "arn": "arn:aws:iam::443536660676:role/TodosWebAPI-role",
            "assume_role_policy": "{\"Version\":\"2012-10-17\",\"Statement\":[{\"Sid\":\"\",\"Effect\":\"Allow\",\"Principal\":{\"Service\":\"lambda.amazonaws.com\"},\"Action\":\"sts:AssumeRole\"}]}",
            "create_date": "2022-11-17T05:22:21Z",
            "description": "",
            "force_detach_policies": false,
            "id": "TodosWebAPI-role",
            "inline_policy": [
              {
                "name": "",
                "policy": ""
              }
            ],
            "managed_policy_arns": [],
            "max_session_duration": 3600,
            "name": "TodosWebAPI-role",
            "name_prefix": "",
            "path": "/",
            "permissions_boundary": null,
            "tags": {},
            "tags_all": {},
            "unique_id": "AROAWORGYLDCBFNSKW2XG"
          },
          "sensitive_attributes": [],
          "private": "bnVsbA=="
        }
      ]
    },
    {
      "mode": "managed",
      "type": "aws_lambda_function",
      "name": "lambda_handler",
      "provider": "provider[\"registry.terraform.io/hashicorp/aws\"]",
      "instances": [
        {
          "schema_version": 0,
          "attributes": {
            "architectures": [
              "x86_64"
            ],
            "arn": "arn:aws:lambda:ap-southeast-1:443536660676:function:TodosWebAPI",
            "code_signing_config_arn": "",
            "dead_letter_config": [],
            "description": "",
            "environment": [],
            "file_system_config": [],
            "filename": null,
            "function_name": "TodosWebAPI",
            "handler": "index.handler",
            "id": "TodosWebAPI",
            "image_config": [],
            "image_uri": "",
            "invoke_arn": "arn:aws:apigateway:ap-southeast-1:lambda:path/2015-03-31/functions/arn:aws:lambda:ap-southeast-1:443536660676:function:TodosWebAPI/invocations",
            "kms_key_arn": "",
            "last_modified": "2022-11-17T06:17:09.000+0000",
            "layers": [],
            "memory_size": 128,
            "package_type": "Zip",
            "publish": false,
            "qualified_arn": "arn:aws:lambda:ap-southeast-1:443536660676:function:TodosWebAPI:$LATEST",
            "reserved_concurrent_executions": -1,
            "role": "arn:aws:iam::443536660676:role/TodosWebAPI-role",
            "runtime": "nodejs14.x",
            "s3_bucket": "todoapps-todoswebapi-deployment-bucket",
            "s3_key": "TodoApps/TodosWebAPI.zip",
            "s3_object_version": null,
            "signing_job_arn": "",
            "signing_profile_version_arn": "",
            "source_code_hash": "UUmuet4xYUlW7uW/7C/lkyEnBerKZ4dd40/AkFgXvRA=",
            "source_code_size": 1544,
            "tags": {},
            "tags_all": {},
            "timeout": 3,
            "timeouts": null,
            "tracing_config": [
              {
                "mode": "PassThrough"
              }
            ],
            "version": "$LATEST",
            "vpc_config": []
          },
          "sensitive_attributes": [],
          "private": "eyJlMmJmYjczMC1lY2FhLTExZTYtOGY4OC0zNDM2M2JjN2M0YzAiOnsiY3JlYXRlIjo2MDAwMDAwMDAwMDB9fQ==",
          "dependencies": [
            "aws_iam_role.lambda_exec",
            "aws_s3_bucket.lambda_bucket",
            "aws_s3_bucket_acl.lambda_bucket_acl"
          ]
        }
      ]
    },
    {
      "mode": "managed",
      "type": "aws_s3_bucket",
      "name": "lambda_bucket",
      "provider": "provider[\"registry.terraform.io/hashicorp/aws\"]",
      "instances": [
        {
          "schema_version": 0,
          "attributes": {
            "acceleration_status": "",
            "acl": "private",
            "arn": "arn:aws:s3:::todoapps-todoswebapi-deployment-bucket",
            "bucket": "todoapps-todoswebapi-deployment-bucket",
            "bucket_domain_name": "todoapps-todoswebapi-deployment-bucket.s3.amazonaws.com",
            "bucket_prefix": null,
            "bucket_regional_domain_name": "todoapps-todoswebapi-deployment-bucket.s3.ap-southeast-1.amazonaws.com",
            "cors_rule": [],
            "force_destroy": false,
            "grant": [],
            "hosted_zone_id": "Z3O0J2DXBE1FTB",
            "id": "todoapps-todoswebapi-deployment-bucket",
            "lifecycle_rule": [],
            "logging": [],
            "object_lock_configuration": [],
            "policy": "",
            "region": "ap-southeast-1",
            "replication_configuration": [],
            "request_payer": "BucketOwner",
            "server_side_encryption_configuration": [],
            "tags": {},
            "tags_all": {},
            "versioning": [
              {
                "enabled": false,
                "mfa_delete": false
              }
            ],
            "website": [],
            "website_domain": null,
            "website_endpoint": null
          },
          "sensitive_attributes": [],
          "private": "bnVsbA=="
        }
      ]
    },
    {
      "mode": "managed",
      "type": "aws_s3_bucket_acl",
      "name": "lambda_bucket_acl",
      "provider": "provider[\"registry.terraform.io/hashicorp/aws\"]",
      "instances": [
        {
          "schema_version": 0,
          "attributes": {
            "access_control_policy": [
              {
                "grant": [
                  {
                    "grantee": [
                      {
                        "display_name": "accountsslash-group",
                        "email_address": "",
                        "id": "e997342277b310da93949cbcc8fd9fa900337ce06a4b1d1dfb9a4a602fd184b2",
                        "type": "CanonicalUser",
                        "uri": ""
                      }
                    ],
                    "permission": "FULL_CONTROL"
                  }
                ],
                "owner": [
                  {
                    "display_name": "accountsslash-group",
                    "id": "e997342277b310da93949cbcc8fd9fa900337ce06a4b1d1dfb9a4a602fd184b2"
                  }
                ]
              }
            ],
            "acl": "private",
            "bucket": "todoapps-todoswebapi-deployment-bucket",
            "expected_bucket_owner": "",
            "id": "todoapps-todoswebapi-deployment-bucket,private"
          },
          "sensitive_attributes": [],
          "private": "bnVsbA==",
          "dependencies": [
            "aws_s3_bucket.lambda_bucket"
          ]
        }
      ]
    },
    {
      "mode": "managed",
      "type": "aws_s3_bucket_object",
      "name": "lambda_archive_upload",
      "provider": "provider[\"registry.terraform.io/hashicorp/aws\"]",
      "instances": [
        {
          "schema_version": 0,
          "attributes": {
            "acl": "private",
            "bucket": "todoapps-todoswebapi-deployment-bucket",
            "bucket_key_enabled": false,
            "cache_control": "",
            "content": null,
            "content_base64": null,
            "content_disposition": "",
            "content_encoding": "",
            "content_language": "",
            "content_type": "binary/octet-stream",
            "etag": "86d76690424310eadf32e35e3f2b1856",
            "force_destroy": false,
            "id": "TodoApps/TodosWebAPI.zip",
            "key": "TodoApps/TodosWebAPI.zip",
            "kms_key_id": null,
            "metadata": {},
            "object_lock_legal_hold_status": "",
            "object_lock_mode": "",
            "object_lock_retain_until_date": "",
            "server_side_encryption": "",
            "source": "./../../../dist/apps/todos.zip",
            "source_hash": null,
            "storage_class": "STANDARD",
            "tags": {},
            "tags_all": {},
            "version_id": "",
            "website_redirect": ""
          },
          "sensitive_attributes": [],
          "private": "bnVsbA==",
          "dependencies": [
            "aws_s3_bucket.lambda_bucket",
            "data.archive_file.lambda_archive"
          ]
        }
      ]
    }
  ],
  "check_results": null
}
